
Microsoft Visual Studio Solution File, Format Version 11.00
# Visual Studio 2010
Project("{FAE04EC0-301F-11D3-BF4B-00C04F79EFBC}") = "Unity.Postprocessing.Runtime", "Unity.Postprocessing.Runtime.csproj", "{16f16e46-dc4c-474c-3c18-fd45addb1c6b}"
EndProject
Project("{FAE04EC0-301F-11D3-BF4B-00C04F79EFBC}") = "Assembly-CSharp", "Assembly-CSharp.csproj", "{38d0a13d-8202-5c5f-2f6b-dcedd0e31e0a}"
EndProject
Project("{FAE04EC0-301F-11D3-BF4B-00C04F79EFBC}") = "Unity.Postprocessing.Editor", "Unity.Postprocessing.Editor.csproj", "{adf600a0-bff6-4854-3160-622e03ea8550}"
EndProject
Global
	GlobalSection(SolutionConfigurationPlatforms) = preSolution
		Debug|Any CPU = Debug|Any CPU
	EndGlobalSection
	GlobalSection(ProjectConfigurationPlatforms) = postSolution
		{16f16e46-dc4c-474c-3c18-fd45addb1c6b}.Debug|Any CPU.ActiveCfg = Debug|Any CPU
		{16f16e46-dc4c-474c-3c18-fd45addb1c6b}.Debug|Any CPU.Build.0 = Debug|Any CPU
		{38d0a13d-8202-5c5f-2f6b-dcedd0e31e0a}.Debug|Any CPU.ActiveCfg = Debug|Any CPU
		{38d0a13d-8202-5c5f-2f6b-dcedd0e31e0a}.Debug|Any CPU.Build.0 = Debug|Any CPU
		{adf600a0-bff6-4854-3160-622e03ea8550}.Debug|Any CPU.ActiveCfg = Debug|Any CPU
		{adf600a0-bff6-4854-3160-622e03ea8550}.Debug|Any CPU.Build.0 = Debug|Any CPU
	EndGlobalSection
	GlobalSection(SolutionProperties) = preSolution
		HideSolutionNode = FALSE
	EndGlobalSection
EndGlobal
